
Microsoft Visual Studio Solution File, Format Version 12.00
# Visual Studio Version 16
VisualStudioVersion = 16.0.29123.88
MinimumVisualStudioVersion = 10.0.40219.1
Project("{FAE04EC0-301F-11D3-BF4B-00C04F79EFBC}") = "GMTK2019OnlyOne", "GMTK2019OnlyOne\GMTK2019OnlyOne.csproj", "{7C0D0C36-F059-480E-8816-57F0BEEB6BB3}"
EndProject
Project("{9A19103F-16F7-4668-BE54-9A1E7A4F7556}") = "Nez.PipelineImporter", "..\_libs\Nez-master\Nez.PipelineImporter\Nez.PipelineImporter.csproj", "{BCA8ED9F-2E4C-488E-99D7-FAF7DE06348E}"
EndProject
Project("{9A19103F-16F7-4668-BE54-9A1E7A4F7556}") = "Nez", "..\_libs\Nez-master\Nez.Portable\Nez.csproj", "{7F2EE198-78A5-4119-A8D2-B43764F525F3}"
EndProject
Global
	GlobalSection(SolutionConfigurationPlatforms) = preSolution
		Debug|Any CPU = Debug|Any CPU
		Release|Any CPU = Release|Any CPU
	EndGlobalSection
	GlobalSection(ProjectConfigurationPlatforms) = postSolution
		{7C0D0C36-F059-480E-8816-57F0BEEB6BB3}.Debug|Any CPU.ActiveCfg = Debug|Any CPU
		{7C0D0C36-F059-480E-8816-57F0BEEB6BB3}.Debug|Any CPU.Build.0 = Debug|Any CPU
		{7C0D0C36-F059-480E-8816-57F0BEEB6BB3}.Release|Any CPU.ActiveCfg = Release|Any CPU
		{7C0D0C36-F059-480E-8816-57F0BEEB6BB3}.Release|Any CPU.Build.0 = Release|Any CPU
		{BCA8ED9F-2E4C-488E-99D7-FAF7DE06348E}.Debug|Any CPU.ActiveCfg = Debug|Any CPU
		{BCA8ED9F-2E4C-488E-99D7-FAF7DE06348E}.Debug|Any CPU.Build.0 = Debug|Any CPU
		{BCA8ED9F-2E4C-488E-99D7-FAF7DE06348E}.Release|Any CPU.ActiveCfg = Release|Any CPU
		{BCA8ED9F-2E4C-488E-99D7-FAF7DE06348E}.Release|Any CPU.Build.0 = Release|Any CPU
		{7F2EE198-78A5-4119-A8D2-B43764F525F3}.Debug|Any CPU.ActiveCfg = Debug|Any CPU
		{7F2EE198-78A5-4119-A8D2-B43764F525F3}.Debug|Any CPU.Build.0 = Debug|Any CPU
		{7F2EE198-78A5-4119-A8D2-B43764F525F3}.Release|Any CPU.ActiveCfg = Release|Any CPU
		{7F2EE198-78A5-4119-A8D2-B43764F525F3}.Release|Any CPU.Build.0 = Release|Any CPU
	EndGlobalSection
	GlobalSection(SolutionProperties) = preSolution
		HideSolutionNode = FALSE
	EndGlobalSection
	GlobalSection(ExtensibilityGlobals) = postSolution
		SolutionGuid = {E3AA49E1-D678-49BC-9A45-6A14D8EAE49B}
	EndGlobalSection
EndGlobal
